
Microsoft Visual Studio Solution File, Format Version 12.00
# Visual Studio 2012
Project("{FAE04EC0-301F-11D3-BF4B-00C04F79EFBC}") = "Nancy.ServiceRouting", "Nancy.ServiceRouting\Nancy.ServiceRouting.csproj", "{305F64FC-7A96-4C7E-80AB-BD0FDCE83B9C}"
EndProject
Project("{FAE04EC0-301F-11D3-BF4B-00C04F79EFBC}") = "Nancy.ServiceRouting.Tests", "Nancy.ServiceRouting.Tests\Nancy.ServiceRouting.Tests.csproj", "{E7539775-20DC-498D-999C-50E456F7D048}"
EndProject
Project("{FAE04EC0-301F-11D3-BF4B-00C04F79EFBC}") = "Nancy.Demo.ServiceRouting", "Nancy.Demo.ServiceRouting\Nancy.Demo.ServiceRouting.csproj", "{3D4BF6A6-E300-4643-8916-2D8D00CCDAC1}"
EndProject
Project("{2150E333-8FDC-42A3-9474-1A3956D46DE8}") = "Solution Items", "Solution Items", "{ECBE4F54-10F5-4FF6-A3A7-4690AC1A8BD9}"
	ProjectSection(SolutionItems) = preProject
		appveyor.yml = appveyor.yml
		LICENSE = LICENSE
		README.md = README.md
	EndProjectSection
EndProject
Global
	GlobalSection(SolutionConfigurationPlatforms) = preSolution
		Debug|Any CPU = Debug|Any CPU
		Release|Any CPU = Release|Any CPU
	EndGlobalSection
	GlobalSection(ProjectConfigurationPlatforms) = postSolution
		{305F64FC-7A96-4C7E-80AB-BD0FDCE83B9C}.Debug|Any CPU.ActiveCfg = Debug|Any CPU
		{305F64FC-7A96-4C7E-80AB-BD0FDCE83B9C}.Debug|Any CPU.Build.0 = Debug|Any CPU
		{305F64FC-7A96-4C7E-80AB-BD0FDCE83B9C}.Release|Any CPU.ActiveCfg = Release|Any CPU
		{305F64FC-7A96-4C7E-80AB-BD0FDCE83B9C}.Release|Any CPU.Build.0 = Release|Any CPU
		{E7539775-20DC-498D-999C-50E456F7D048}.Debug|Any CPU.ActiveCfg = Debug|Any CPU
		{E7539775-20DC-498D-999C-50E456F7D048}.Debug|Any CPU.Build.0 = Debug|Any CPU
		{E7539775-20DC-498D-999C-50E456F7D048}.Release|Any CPU.ActiveCfg = Release|Any CPU
		{E7539775-20DC-498D-999C-50E456F7D048}.Release|Any CPU.Build.0 = Release|Any CPU
		{3D4BF6A6-E300-4643-8916-2D8D00CCDAC1}.Debug|Any CPU.ActiveCfg = Debug|Any CPU
		{3D4BF6A6-E300-4643-8916-2D8D00CCDAC1}.Debug|Any CPU.Build.0 = Debug|Any CPU
		{3D4BF6A6-E300-4643-8916-2D8D00CCDAC1}.Release|Any CPU.ActiveCfg = Release|Any CPU
		{3D4BF6A6-E300-4643-8916-2D8D00CCDAC1}.Release|Any CPU.Build.0 = Release|Any CPU
	EndGlobalSection
	GlobalSection(SolutionProperties) = preSolution
		HideSolutionNode = FALSE
	EndGlobalSection
	GlobalSection(NestedProjects) = preSolution
		{B1A84268-B7B2-4FC3-AB45-1A1A85FE9045} = {88187A97-8242-47D3-9175-F1C448613AB4}
		{88187A97-8242-47D3-9175-F1C448613AB4} = {ECBE4F54-10F5-4FF6-A3A7-4690AC1A8BD9}
	EndGlobalSection
	GlobalSection(ExtensibilityGlobals) = postSolution
		VisualSVNWorkingCopyRoot = .
	EndGlobalSection
EndGlobal
